
Microsoft Visual Studio Solution File, Format Version 12.00
# Visual Studio Version 16
VisualStudioVersion = 16.0.30204.135
MinimumVisualStudioVersion = 10.0.40219.1
Project("{FAE04EC0-301F-11D3-BF4B-00C04F79EFBC}") = "MG.Core.PowerShell.Dhcp", "MG.Core.Dhcp\MG.Core.PowerShell.Dhcp.csproj", "{0ECEA32E-7F8D-42D0-95C3-B735BD842D50}"
EndProject
Global
	GlobalSection(SolutionConfigurationPlatforms) = preSolution
		Debug|Any CPU = Debug|Any CPU
		Release|Any CPU = Release|Any CPU
	EndGlobalSection
	GlobalSection(ProjectConfigurationPlatforms) = postSolution
		{0ECEA32E-7F8D-42D0-95C3-B735BD842D50}.Debug|Any CPU.ActiveCfg = Debug|Any CPU
		{0ECEA32E-7F8D-42D0-95C3-B735BD842D50}.Debug|Any CPU.Build.0 = Debug|Any CPU
		{0ECEA32E-7F8D-42D0-95C3-B735BD842D50}.Release|Any CPU.ActiveCfg = Release|Any CPU
		{0ECEA32E-7F8D-42D0-95C3-B735BD842D50}.Release|Any CPU.Build.0 = Release|Any CPU
	EndGlobalSection
	GlobalSection(SolutionProperties) = preSolution
		HideSolutionNode = FALSE
	EndGlobalSection
	GlobalSection(ExtensibilityGlobals) = postSolution
		SolutionGuid = {7B35E282-504B-419B-8FCE-4E6894504785}
	EndGlobalSection
EndGlobal
